
Microsoft Visual Studio Solution File, Format Version 12.00
# Visual Studio 14
VisualStudioVersion = 14.0.25420.1
MinimumVisualStudioVersion = 10.0.40219.1
Project("{FAE04EC0-301F-11D3-BF4B-00C04F79EFBC}") = "AniversariosP1", "AniversariosP1\AniversariosP1.csproj", "{89365800-BC56-4D4F-90A2-AD6549FB94AF}"
EndProject
Project("{FAE04EC0-301F-11D3-BF4B-00C04F79EFBC}") = "AniversariosBLL", "AniversariosBLL\AniversariosBLL.csproj", "{03AE8754-9637-4824-8DB2-83BACB50EE97}"
EndProject
Global
	GlobalSection(SolutionConfigurationPlatforms) = preSolution
		Debug|Any CPU = Debug|Any CPU
		Release|Any CPU = Release|Any CPU
	EndGlobalSection
	GlobalSection(ProjectConfigurationPlatforms) = postSolution
		{89365800-BC56-4D4F-90A2-AD6549FB94AF}.Debug|Any CPU.ActiveCfg = Debug|Any CPU
		{89365800-BC56-4D4F-90A2-AD6549FB94AF}.Debug|Any CPU.Build.0 = Debug|Any CPU
		{89365800-BC56-4D4F-90A2-AD6549FB94AF}.Release|Any CPU.ActiveCfg = Release|Any CPU
		{89365800-BC56-4D4F-90A2-AD6549FB94AF}.Release|Any CPU.Build.0 = Release|Any CPU
		{03AE8754-9637-4824-8DB2-83BACB50EE97}.Debug|Any CPU.ActiveCfg = Debug|Any CPU
		{03AE8754-9637-4824-8DB2-83BACB50EE97}.Debug|Any CPU.Build.0 = Debug|Any CPU
		{03AE8754-9637-4824-8DB2-83BACB50EE97}.Release|Any CPU.ActiveCfg = Release|Any CPU
		{03AE8754-9637-4824-8DB2-83BACB50EE97}.Release|Any CPU.Build.0 = Release|Any CPU
	EndGlobalSection
	GlobalSection(SolutionProperties) = preSolution
		HideSolutionNode = FALSE
	EndGlobalSection
EndGlobal
